
Microsoft Visual Studio Solution File, Format Version 12.00
Project("{FAE04EC0-301F-11D3-BF4B-00C04F79EFBC}") = "TriPay", "TriPay\TriPay.csproj", "{E29ED4A4-E498-40CD-BDD6-82A4F94C02CC}"
EndProject
Project("{FAE04EC0-301F-11D3-BF4B-00C04F79EFBC}") = "TriPay.Services", "TriPay.Services\TriPay.Services.csproj", "{1F7DC8D0-56C7-4F25-907E-B38E459CBDB4}"
EndProject
Project("{FAE04EC0-301F-11D3-BF4B-00C04F79EFBC}") = "TriPay.Tests", "TriPay.Tests\TriPay.Tests.csproj", "{F7B7036C-7E1C-4E01-8D6F-1953871BF00A}"
EndProject
Project("{FAE04EC0-301F-11D3-BF4B-00C04F79EFBC}") = "TriPay.Data", "TriPay.Data\TriPay.Data.csproj", "{AB5E3E6D-A3FD-41AB-BCE0-AF502787C202}"
EndProject
Project("{FAE04EC0-301F-11D3-BF4B-00C04F79EFBC}") = "TriPay.Infrastructure", "TriPay.Infrastructure\TriPay.Infrastructure.csproj", "{36CE4979-0319-4B6C-9954-01CA68BE58C2}"
EndProject
Project("{FAE04EC0-301F-11D3-BF4B-00C04F79EFBC}") = "TriPay.Core", "TriPay.Core\TriPay.Core.csproj", "{1E281BC0-29BD-4163-8031-1B614B5F148B}"
EndProject
Project("{FAE04EC0-301F-11D3-BF4B-00C04F79EFBC}") = "TriPay.Persistence", "TriPay.Persistence\TriPay.Persistence.csproj", "{387601EA-5411-42FC-94E2-DF8E539B7AA2}"
EndProject
Global
	GlobalSection(SolutionConfigurationPlatforms) = preSolution
		Debug|Any CPU = Debug|Any CPU
		Debug|x64 = Debug|x64
		Debug|x86 = Debug|x86
		Release|Any CPU = Release|Any CPU
		Release|x64 = Release|x64
		Release|x86 = Release|x86
	EndGlobalSection
	GlobalSection(ProjectConfigurationPlatforms) = postSolution
		{E29ED4A4-E498-40CD-BDD6-82A4F94C02CC}.Debug|Any CPU.ActiveCfg = Debug|Any CPU
		{E29ED4A4-E498-40CD-BDD6-82A4F94C02CC}.Debug|Any CPU.Build.0 = Debug|Any CPU
		{E29ED4A4-E498-40CD-BDD6-82A4F94C02CC}.Debug|x64.ActiveCfg = Debug|Any CPU
		{E29ED4A4-E498-40CD-BDD6-82A4F94C02CC}.Debug|x64.Build.0 = Debug|Any CPU
		{E29ED4A4-E498-40CD-BDD6-82A4F94C02CC}.Debug|x86.ActiveCfg = Debug|Any CPU
		{E29ED4A4-E498-40CD-BDD6-82A4F94C02CC}.Debug|x86.Build.0 = Debug|Any CPU
		{E29ED4A4-E498-40CD-BDD6-82A4F94C02CC}.Release|Any CPU.ActiveCfg = Release|Any CPU
		{E29ED4A4-E498-40CD-BDD6-82A4F94C02CC}.Release|Any CPU.Build.0 = Release|Any CPU
		{E29ED4A4-E498-40CD-BDD6-82A4F94C02CC}.Release|x64.ActiveCfg = Release|Any CPU
		{E29ED4A4-E498-40CD-BDD6-82A4F94C02CC}.Release|x64.Build.0 = Release|Any CPU
		{E29ED4A4-E498-40CD-BDD6-82A4F94C02CC}.Release|x86.ActiveCfg = Release|Any CPU
		{E29ED4A4-E498-40CD-BDD6-82A4F94C02CC}.Release|x86.Build.0 = Release|Any CPU
		{1F7DC8D0-56C7-4F25-907E-B38E459CBDB4}.Debug|Any CPU.ActiveCfg = Debug|Any CPU
		{1F7DC8D0-56C7-4F25-907E-B38E459CBDB4}.Debug|Any CPU.Build.0 = Debug|Any CPU
		{1F7DC8D0-56C7-4F25-907E-B38E459CBDB4}.Debug|x64.ActiveCfg = Debug|Any CPU
		{1F7DC8D0-56C7-4F25-907E-B38E459CBDB4}.Debug|x64.Build.0 = Debug|Any CPU
		{1F7DC8D0-56C7-4F25-907E-B38E459CBDB4}.Debug|x86.ActiveCfg = Debug|Any CPU
		{1F7DC8D0-56C7-4F25-907E-B38E459CBDB4}.Debug|x86.Build.0 = Debug|Any CPU
		{1F7DC8D0-56C7-4F25-907E-B38E459CBDB4}.Release|Any CPU.ActiveCfg = Release|Any CPU
		{1F7DC8D0-56C7-4F25-907E-B38E459CBDB4}.Release|Any CPU.Build.0 = Release|Any CPU
		{1F7DC8D0-56C7-4F25-907E-B38E459CBDB4}.Release|x64.ActiveCfg = Release|Any CPU
		{1F7DC8D0-56C7-4F25-907E-B38E459CBDB4}.Release|x64.Build.0 = Release|Any CPU
		{1F7DC8D0-56C7-4F25-907E-B38E459CBDB4}.Release|x86.ActiveCfg = Release|Any CPU
		{1F7DC8D0-56C7-4F25-907E-B38E459CBDB4}.Release|x86.Build.0 = Release|Any CPU
		{F7B7036C-7E1C-4E01-8D6F-1953871BF00A}.Debug|Any CPU.ActiveCfg = Debug|Any CPU
		{F7B7036C-7E1C-4E01-8D6F-1953871BF00A}.Debug|Any CPU.Build.0 = Debug|Any CPU
		{F7B7036C-7E1C-4E01-8D6F-1953871BF00A}.Debug|x64.ActiveCfg = Debug|Any CPU
		{F7B7036C-7E1C-4E01-8D6F-1953871BF00A}.Debug|x64.Build.0 = Debug|Any CPU
		{F7B7036C-7E1C-4E01-8D6F-1953871BF00A}.Debug|x86.ActiveCfg = Debug|Any CPU
		{F7B7036C-7E1C-4E01-8D6F-1953871BF00A}.Debug|x86.Build.0 = Debug|Any CPU
		{F7B7036C-7E1C-4E01-8D6F-1953871BF00A}.Release|Any CPU.ActiveCfg = Release|Any CPU
		{F7B7036C-7E1C-4E01-8D6F-1953871BF00A}.Release|Any CPU.Build.0 = Release|Any CPU
		{F7B7036C-7E1C-4E01-8D6F-1953871BF00A}.Release|x64.ActiveCfg = Release|Any CPU
		{F7B7036C-7E1C-4E01-8D6F-1953871BF00A}.Release|x64.Build.0 = Release|Any CPU
		{F7B7036C-7E1C-4E01-8D6F-1953871BF00A}.Release|x86.ActiveCfg = Release|Any CPU
		{F7B7036C-7E1C-4E01-8D6F-1953871BF00A}.Release|x86.Build.0 = Release|Any CPU
		{AB5E3E6D-A3FD-41AB-BCE0-AF502787C202}.Debug|Any CPU.ActiveCfg = Debug|Any CPU
		{AB5E3E6D-A3FD-41AB-BCE0-AF502787C202}.Debug|Any CPU.Build.0 = Debug|Any CPU
		{AB5E3E6D-A3FD-41AB-BCE0-AF502787C202}.Debug|x64.ActiveCfg = Debug|Any CPU
		{AB5E3E6D-A3FD-41AB-BCE0-AF502787C202}.Debug|x64.Build.0 = Debug|Any CPU
		{AB5E3E6D-A3FD-41AB-BCE0-AF502787C202}.Debug|x86.ActiveCfg = Debug|Any CPU
		{AB5E3E6D-A3FD-41AB-BCE0-AF502787C202}.Debug|x86.Build.0 = Debug|Any CPU
		{AB5E3E6D-A3FD-41AB-BCE0-AF502787C202}.Release|Any CPU.ActiveCfg = Release|Any CPU
		{AB5E3E6D-A3FD-41AB-BCE0-AF502787C202}.Release|Any CPU.Build.0 = Release|Any CPU
		{AB5E3E6D-A3FD-41AB-BCE0-AF502787C202}.Release|x64.ActiveCfg = Release|Any CPU
		{AB5E3E6D-A3FD-41AB-BCE0-AF502787C202}.Release|x64.Build.0 = Release|Any CPU
		{AB5E3E6D-A3FD-41AB-BCE0-AF502787C202}.Release|x86.ActiveCfg = Release|Any CPU
		{AB5E3E6D-A3FD-41AB-BCE0-AF502787C202}.Release|x86.Build.0 = Release|Any CPU
		{36CE4979-0319-4B6C-9954-01CA68BE58C2}.Debug|Any CPU.ActiveCfg = Debug|Any CPU
		{36CE4979-0319-4B6C-9954-01CA68BE58C2}.Debug|Any CPU.Build.0 = Debug|Any CPU
		{36CE4979-0319-4B6C-9954-01CA68BE58C2}.Debug|x64.ActiveCfg = Debug|Any CPU
		{36CE4979-0319-4B6C-9954-01CA68BE58C2}.Debug|x64.Build.0 = Debug|Any CPU
		{36CE4979-0319-4B6C-9954-01CA68BE58C2}.Debug|x86.ActiveCfg = Debug|Any CPU
		{36CE4979-0319-4B6C-9954-01CA68BE58C2}.Debug|x86.Build.0 = Debug|Any CPU
		{36CE4979-0319-4B6C-9954-01CA68BE58C2}.Release|Any CPU.ActiveCfg = Release|Any CPU
		{36CE4979-0319-4B6C-9954-01CA68BE58C2}.Release|Any CPU.Build.0 = Release|Any CPU
		{36CE4979-0319-4B6C-9954-01CA68BE58C2}.Release|x64.ActiveCfg = Release|Any CPU
		{36CE4979-0319-4B6C-9954-01CA68BE58C2}.Release|x64.Build.0 = Release|Any CPU
		{36CE4979-0319-4B6C-9954-01CA68BE58C2}.Release|x86.ActiveCfg = Release|Any CPU
		{36CE4979-0319-4B6C-9954-01CA68BE58C2}.Release|x86.Build.0 = Release|Any CPU
		{1E281BC0-29BD-4163-8031-1B614B5F148B}.Debug|Any CPU.ActiveCfg = Debug|Any CPU
		{1E281BC0-29BD-4163-8031-1B614B5F148B}.Debug|Any CPU.Build.0 = Debug|Any CPU
		{1E281BC0-29BD-4163-8031-1B614B5F148B}.Debug|x64.ActiveCfg = Debug|Any CPU
		{1E281BC0-29BD-4163-8031-1B614B5F148B}.Debug|x64.Build.0 = Debug|Any CPU
		{1E281BC0-29BD-4163-8031-1B614B5F148B}.Debug|x86.ActiveCfg = Debug|Any CPU
		{1E281BC0-29BD-4163-8031-1B614B5F148B}.Debug|x86.Build.0 = Debug|Any CPU
		{1E281BC0-29BD-4163-8031-1B614B5F148B}.Release|Any CPU.ActiveCfg = Release|Any CPU
		{1E281BC0-29BD-4163-8031-1B614B5F148B}.Release|Any CPU.Build.0 = Release|Any CPU
		{1E281BC0-29BD-4163-8031-1B614B5F148B}.Release|x64.ActiveCfg = Release|Any CPU
		{1E281BC0-29BD-4163-8031-1B614B5F148B}.Release|x64.Build.0 = Release|Any CPU
		{1E281BC0-29BD-4163-8031-1B614B5F148B}.Release|x86.ActiveCfg = Release|Any CPU
		{1E281BC0-29BD-4163-8031-1B614B5F148B}.Release|x86.Build.0 = Release|Any CPU
		{387601EA-5411-42FC-94E2-DF8E539B7AA2}.Debug|Any CPU.ActiveCfg = Debug|Any CPU
		{387601EA-5411-42FC-94E2-DF8E539B7AA2}.Debug|Any CPU.Build.0 = Debug|Any CPU
		{387601EA-5411-42FC-94E2-DF8E539B7AA2}.Debug|x64.ActiveCfg = Debug|Any CPU
		{387601EA-5411-42FC-94E2-DF8E539B7AA2}.Debug|x64.Build.0 = Debug|Any CPU
		{387601EA-5411-42FC-94E2-DF8E539B7AA2}.Debug|x86.ActiveCfg = Debug|Any CPU
		{387601EA-5411-42FC-94E2-DF8E539B7AA2}.Debug|x86.Build.0 = Debug|Any CPU
		{387601EA-5411-42FC-94E2-DF8E539B7AA2}.Release|Any CPU.ActiveCfg = Release|Any CPU
		{387601EA-5411-42FC-94E2-DF8E539B7AA2}.Release|Any CPU.Build.0 = Release|Any CPU
		{387601EA-5411-42FC-94E2-DF8E539B7AA2}.Release|x64.ActiveCfg = Release|Any CPU
		{387601EA-5411-42FC-94E2-DF8E539B7AA2}.Release|x64.Build.0 = Release|Any CPU
		{387601EA-5411-42FC-94E2-DF8E539B7AA2}.Release|x86.ActiveCfg = Release|Any CPU
		{387601EA-5411-42FC-94E2-DF8E539B7AA2}.Release|x86.Build.0 = Release|Any CPU
	EndGlobalSection
	GlobalSection(SolutionProperties) = preSolution
		HideSolutionNode = FALSE
	EndGlobalSection
EndGlobal
